
Microsoft Visual Studio Solution File, Format Version 12.00
# Visual Studio 2015
Project("{FAE04EC0-301F-11D3-BF4B-00C04F79EFBC}") = "HoloLens Tutorial", "HoloLens Tutorial.csproj", "{9E431F38-FBBB-47BF-DA10-7D78930DDF5E}"
EndProject
Project("{FAE04EC0-301F-11D3-BF4B-00C04F79EFBC}") = "HoloLens Tutorial.Editor", "HoloLens Tutorial.Editor.csproj", "{8D938690-18AA-40B3-DFB6-FCBEC0EA3FE1}"
EndProject
Global
	GlobalSection(SolutionConfigurationPlatforms) = preSolution
		Debug|Any CPU = Debug|Any CPU
		Release|Any CPU = Release|Any CPU
	EndGlobalSection
	GlobalSection(ProjectConfigurationPlatforms) = postSolution
		{9E431F38-FBBB-47BF-DA10-7D78930DDF5E}.Debug|Any CPU.ActiveCfg = Debug|Any CPU
		{9E431F38-FBBB-47BF-DA10-7D78930DDF5E}.Debug|Any CPU.Build.0 = Debug|Any CPU
		{9E431F38-FBBB-47BF-DA10-7D78930DDF5E}.Release|Any CPU.ActiveCfg = Release|Any CPU
		{9E431F38-FBBB-47BF-DA10-7D78930DDF5E}.Release|Any CPU.Build.0 = Release|Any CPU
		{8D938690-18AA-40B3-DFB6-FCBEC0EA3FE1}.Debug|Any CPU.ActiveCfg = Debug|Any CPU
		{8D938690-18AA-40B3-DFB6-FCBEC0EA3FE1}.Debug|Any CPU.Build.0 = Debug|Any CPU
		{8D938690-18AA-40B3-DFB6-FCBEC0EA3FE1}.Release|Any CPU.ActiveCfg = Release|Any CPU
		{8D938690-18AA-40B3-DFB6-FCBEC0EA3FE1}.Release|Any CPU.Build.0 = Release|Any CPU
	EndGlobalSection
	GlobalSection(SolutionProperties) = preSolution
		HideSolutionNode = FALSE
	EndGlobalSection
EndGlobal
