
Microsoft Visual Studio Solution File, Format Version 12.00
# Visual Studio 2017
Project("{FAE04EC0-301F-11D3-BF4B-00C04F79EFBC}") = "06 - MixedReality2D3D", "06 - MixedReality2D3D.csproj", "{11AC42BC-0A27-65DF-5E0D-491300965FAC}"
EndProject
Project("{FAE04EC0-301F-11D3-BF4B-00C04F79EFBC}") = "06 - MixedReality2D3D.Editor", "06 - MixedReality2D3D.Editor.csproj", "{3E4EC4F0-7758-427F-F4E5-BEA76F321A8A}"
EndProject
Global
	GlobalSection(SolutionConfigurationPlatforms) = preSolution
		Debug|Any CPU = Debug|Any CPU
		Release|Any CPU = Release|Any CPU
	EndGlobalSection
	GlobalSection(ProjectConfigurationPlatforms) = postSolution
		{11AC42BC-0A27-65DF-5E0D-491300965FAC}.Debug|Any CPU.ActiveCfg = Debug|Any CPU
		{11AC42BC-0A27-65DF-5E0D-491300965FAC}.Debug|Any CPU.Build.0 = Debug|Any CPU
		{11AC42BC-0A27-65DF-5E0D-491300965FAC}.Release|Any CPU.ActiveCfg = Release|Any CPU
		{11AC42BC-0A27-65DF-5E0D-491300965FAC}.Release|Any CPU.Build.0 = Release|Any CPU
		{3E4EC4F0-7758-427F-F4E5-BEA76F321A8A}.Debug|Any CPU.ActiveCfg = Debug|Any CPU
		{3E4EC4F0-7758-427F-F4E5-BEA76F321A8A}.Debug|Any CPU.Build.0 = Debug|Any CPU
		{3E4EC4F0-7758-427F-F4E5-BEA76F321A8A}.Release|Any CPU.ActiveCfg = Release|Any CPU
		{3E4EC4F0-7758-427F-F4E5-BEA76F321A8A}.Release|Any CPU.Build.0 = Release|Any CPU
	EndGlobalSection
	GlobalSection(SolutionProperties) = preSolution
		HideSolutionNode = FALSE
	EndGlobalSection
EndGlobal
