
Microsoft Visual Studio Solution File, Format Version 12.00
# Visual Studio 2017
Project("{FAE04EC0-301F-11D3-BF4B-00C04F79EFBC}") = "Two-hands manipulation", "Two-hands manipulation.csproj", "{BC403606-D058-4BE5-C480-C523D4FFBAF1}"
EndProject
Project("{FAE04EC0-301F-11D3-BF4B-00C04F79EFBC}") = "Two-hands manipulation.Editor", "Two-hands manipulation.Editor.csproj", "{C1E965E2-A4BF-CB0C-2602-6A019DAF02E2}"
EndProject
Global
	GlobalSection(SolutionConfigurationPlatforms) = preSolution
		Debug|Any CPU = Debug|Any CPU
		Release|Any CPU = Release|Any CPU
	EndGlobalSection
	GlobalSection(ProjectConfigurationPlatforms) = postSolution
		{BC403606-D058-4BE5-C480-C523D4FFBAF1}.Debug|Any CPU.ActiveCfg = Debug|Any CPU
		{BC403606-D058-4BE5-C480-C523D4FFBAF1}.Debug|Any CPU.Build.0 = Debug|Any CPU
		{BC403606-D058-4BE5-C480-C523D4FFBAF1}.Release|Any CPU.ActiveCfg = Release|Any CPU
		{BC403606-D058-4BE5-C480-C523D4FFBAF1}.Release|Any CPU.Build.0 = Release|Any CPU
		{C1E965E2-A4BF-CB0C-2602-6A019DAF02E2}.Debug|Any CPU.ActiveCfg = Debug|Any CPU
		{C1E965E2-A4BF-CB0C-2602-6A019DAF02E2}.Debug|Any CPU.Build.0 = Debug|Any CPU
		{C1E965E2-A4BF-CB0C-2602-6A019DAF02E2}.Release|Any CPU.ActiveCfg = Release|Any CPU
		{C1E965E2-A4BF-CB0C-2602-6A019DAF02E2}.Release|Any CPU.Build.0 = Release|Any CPU
	EndGlobalSection
	GlobalSection(SolutionProperties) = preSolution
		HideSolutionNode = FALSE
	EndGlobalSection
EndGlobal
